
Microsoft Visual Studio Solution File, Format Version 12.00
# Visual Studio Version 16
VisualStudioVersion = 16.0.30611.23
MinimumVisualStudioVersion = 10.0.40219.1
Project("{FAE04EC0-301F-11D3-BF4B-00C04F79EFBC}") = "RefundSettelment", "RefundSettelment\RefundSettelment.csproj", "{7AC6AA87-1D7E-4FBC-8900-F7F9BBA2C12A}"
EndProject
Project("{FAE04EC0-301F-11D3-BF4B-00C04F79EFBC}") = "Logging", "Logging\Logging.csproj", "{AA2CCF2F-8AD4-48F4-BF13-1F55E203143E}"
EndProject
Global
	GlobalSection(SolutionConfigurationPlatforms) = preSolution
		Debug|Any CPU = Debug|Any CPU
		Release|Any CPU = Release|Any CPU
	EndGlobalSection
	GlobalSection(ProjectConfigurationPlatforms) = postSolution
		{7AC6AA87-1D7E-4FBC-8900-F7F9BBA2C12A}.Debug|Any CPU.ActiveCfg = Debug|Any CPU
		{7AC6AA87-1D7E-4FBC-8900-F7F9BBA2C12A}.Debug|Any CPU.Build.0 = Debug|Any CPU
		{7AC6AA87-1D7E-4FBC-8900-F7F9BBA2C12A}.Release|Any CPU.ActiveCfg = Release|Any CPU
		{7AC6AA87-1D7E-4FBC-8900-F7F9BBA2C12A}.Release|Any CPU.Build.0 = Release|Any CPU
		{AA2CCF2F-8AD4-48F4-BF13-1F55E203143E}.Debug|Any CPU.ActiveCfg = Debug|Any CPU
		{AA2CCF2F-8AD4-48F4-BF13-1F55E203143E}.Debug|Any CPU.Build.0 = Debug|Any CPU
		{AA2CCF2F-8AD4-48F4-BF13-1F55E203143E}.Release|Any CPU.ActiveCfg = Release|Any CPU
		{AA2CCF2F-8AD4-48F4-BF13-1F55E203143E}.Release|Any CPU.Build.0 = Release|Any CPU
	EndGlobalSection
	GlobalSection(SolutionProperties) = preSolution
		HideSolutionNode = FALSE
	EndGlobalSection
	GlobalSection(ExtensibilityGlobals) = postSolution
		SolutionGuid = {8919B22C-1F0B-413E-847E-F4F2481C7A18}
	EndGlobalSection
EndGlobal
